```toml
# This TOML file contains metadata and a list of dependencies for a Python project managed by Poetry.
# The metadata includes the lock version, Python version compatibility, and a content hash for verification.

[package]
# Each [[package]] section describes a package dependency, including its name, version, description, compatibility, and file hashes.

[[package]]
name = "blinker" # The name of the package "blinker".
version = "1.7.0" # The version of the package.
description = "Fast, simple object-to-object and broadcast signaling" # A short description of the package.
optional = false # Indicates if the package is an optional dependency.
python-versions = ">=3.8" # Specifies the compatible Python versions for this package.
files = [ # A list of files associated with the package, including their hashes for verification.
    {file = "blinker-1.7.0-py3-none-any.whl", hash = "sha256:c3f865d4d54db7abc53758a01601cf343fe55b84c1de4e3fa910e420b438d5b9"},
    {file = "blinker-1.7.0.tar.gz", hash = "sha256:e6820ff6fa4e4d1d8e2747c2283749c3f547e4fee112b98555cdcdae32996182"},
]

# Similar sections for other packages follow...

[metadata]
# The [metadata] section contains overall metadata for the lock file.

lock-version = "2.0" # The version of the lock file format.
python-versions = ">=3.10.0,<3.11" # The Python version compatibility for the project.
content-hash = "d545e33b258a7858c98582562b37f544ef908669c5ea7e58c2f57e245fc54cd5" # A hash representing the content of the lock file for verification purposes.